
Microsoft Visual Studio Solution File, Format Version 12.00
# Visual Studio Version 16
VisualStudioVersion = 16.0.30225.117
MinimumVisualStudioVersion = 10.0.40219.1
Project("{FAE04EC0-301F-11D3-BF4B-00C04F79EFBC}") = "PixelDatabase.Net", "PixelDatabase.Net.csproj", "{3CD054EB-8FA9-4BEC-BEBB-B5302C1020EA}"
EndProject
Global
	GlobalSection(SolutionConfigurationPlatforms) = preSolution
		Debug|Any CPU = Debug|Any CPU
		Release|Any CPU = Release|Any CPU
	EndGlobalSection
	GlobalSection(ProjectConfigurationPlatforms) = postSolution
		{3CD054EB-8FA9-4BEC-BEBB-B5302C1020EA}.Debug|Any CPU.ActiveCfg = Debug|Any CPU
		{3CD054EB-8FA9-4BEC-BEBB-B5302C1020EA}.Debug|Any CPU.Build.0 = Debug|Any CPU
		{3CD054EB-8FA9-4BEC-BEBB-B5302C1020EA}.Release|Any CPU.ActiveCfg = Release|Any CPU
		{3CD054EB-8FA9-4BEC-BEBB-B5302C1020EA}.Release|Any CPU.Build.0 = Release|Any CPU
	EndGlobalSection
	GlobalSection(SolutionProperties) = preSolution
		HideSolutionNode = FALSE
	EndGlobalSection
	GlobalSection(ExtensibilityGlobals) = postSolution
		SolutionGuid = {98C22D38-2609-42C2-A836-449D020A8D6F}
	EndGlobalSection
EndGlobal
